
Microsoft Visual Studio Solution File, Format Version 12.00
# Visual Studio Version 16
VisualStudioVersion = 16.0.29806.167
MinimumVisualStudioVersion = 10.0.40219.1
Project("{FAE04EC0-301F-11D3-BF4B-00C04F79EFBC}") = "PatronFabricaAbstracta", "PatronFabricaAbstracta.csproj", "{4BE3541C-CA3B-4A8B-8560-76C3D0D14440}"
EndProject
Global
	GlobalSection(SolutionConfigurationPlatforms) = preSolution
		Debug|Any CPU = Debug|Any CPU
		Release|Any CPU = Release|Any CPU
	EndGlobalSection
	GlobalSection(ProjectConfigurationPlatforms) = postSolution
		{4BE3541C-CA3B-4A8B-8560-76C3D0D14440}.Debug|Any CPU.ActiveCfg = Debug|Any CPU
		{4BE3541C-CA3B-4A8B-8560-76C3D0D14440}.Debug|Any CPU.Build.0 = Debug|Any CPU
		{4BE3541C-CA3B-4A8B-8560-76C3D0D14440}.Release|Any CPU.ActiveCfg = Release|Any CPU
		{4BE3541C-CA3B-4A8B-8560-76C3D0D14440}.Release|Any CPU.Build.0 = Release|Any CPU
	EndGlobalSection
	GlobalSection(SolutionProperties) = preSolution
		HideSolutionNode = FALSE
	EndGlobalSection
	GlobalSection(ExtensibilityGlobals) = postSolution
		SolutionGuid = {85E2B5FC-E494-48EB-83E6-A4146B197037}
	EndGlobalSection
EndGlobal
